
Microsoft Visual Studio Solution File, Format Version 12.00
# Visual Studio Version 17
VisualStudioVersion = 17.13.35913.81
MinimumVisualStudioVersion = 10.0.40219.1
Project("{FAE04EC0-301F-11D3-BF4B-00C04F79EFBC}") = "FingerprintLib", "FingerprintLib\FingerprintLib.csproj", "{90E985C9-7890-4C20-B974-63B8603A31C9}"
EndProject
Project("{FAE04EC0-301F-11D3-BF4B-00C04F79EFBC}") = "FuzzyExtractorLib", "FuzzyExtractorLib\FuzzyExtractorLib.csproj", "{BB4BEDD8-C707-4BBB-9EFA-5E38A64D8817}"
EndProject
Project("{FAE04EC0-301F-11D3-BF4B-00C04F79EFBC}") = "CryptoLib", "CryptoLib\CryptoLib.csproj", "{B3CB5415-3EFE-4AAB-9AEF-B44C911FADB7}"
EndProject
Project("{FAE04EC0-301F-11D3-BF4B-00C04F79EFBC}") = "EncDecApp", "EncDecApp\EncDecApp.csproj", "{58E2619A-E6F5-45CB-AF25-3304E3B021A6}"
EndProject
Global
	GlobalSection(SolutionConfigurationPlatforms) = preSolution
		Debug|Any CPU = Debug|Any CPU
		Release|Any CPU = Release|Any CPU
	EndGlobalSection
	GlobalSection(ProjectConfigurationPlatforms) = postSolution
		{90E985C9-7890-4C20-B974-63B8603A31C9}.Debug|Any CPU.ActiveCfg = Debug|Any CPU
		{90E985C9-7890-4C20-B974-63B8603A31C9}.Debug|Any CPU.Build.0 = Debug|Any CPU
		{90E985C9-7890-4C20-B974-63B8603A31C9}.Release|Any CPU.ActiveCfg = Release|Any CPU
		{90E985C9-7890-4C20-B974-63B8603A31C9}.Release|Any CPU.Build.0 = Release|Any CPU
		{BB4BEDD8-C707-4BBB-9EFA-5E38A64D8817}.Debug|Any CPU.ActiveCfg = Debug|Any CPU
		{BB4BEDD8-C707-4BBB-9EFA-5E38A64D8817}.Debug|Any CPU.Build.0 = Debug|Any CPU
		{BB4BEDD8-C707-4BBB-9EFA-5E38A64D8817}.Release|Any CPU.ActiveCfg = Release|Any CPU
		{BB4BEDD8-C707-4BBB-9EFA-5E38A64D8817}.Release|Any CPU.Build.0 = Release|Any CPU
		{B3CB5415-3EFE-4AAB-9AEF-B44C911FADB7}.Debug|Any CPU.ActiveCfg = Debug|Any CPU
		{B3CB5415-3EFE-4AAB-9AEF-B44C911FADB7}.Debug|Any CPU.Build.0 = Debug|Any CPU
		{B3CB5415-3EFE-4AAB-9AEF-B44C911FADB7}.Release|Any CPU.ActiveCfg = Release|Any CPU
		{B3CB5415-3EFE-4AAB-9AEF-B44C911FADB7}.Release|Any CPU.Build.0 = Release|Any CPU
		{58E2619A-E6F5-45CB-AF25-3304E3B021A6}.Debug|Any CPU.ActiveCfg = Debug|Any CPU
		{58E2619A-E6F5-45CB-AF25-3304E3B021A6}.Debug|Any CPU.Build.0 = Debug|Any CPU
		{58E2619A-E6F5-45CB-AF25-3304E3B021A6}.Release|Any CPU.ActiveCfg = Release|Any CPU
		{58E2619A-E6F5-45CB-AF25-3304E3B021A6}.Release|Any CPU.Build.0 = Release|Any CPU
	EndGlobalSection
	GlobalSection(SolutionProperties) = preSolution
		HideSolutionNode = FALSE
	EndGlobalSection
	GlobalSection(ExtensibilityGlobals) = postSolution
		SolutionGuid = {7CF0BD11-5D79-4C2C-B061-82573EABF7B2}
	EndGlobalSection
EndGlobal
